
Microsoft Visual Studio Solution File, Format Version 12.00
# Visual Studio 2013
VisualStudioVersion = 12.0.30324.0
MinimumVisualStudioVersion = 10.0.40219.1
Project("{2150E333-8FDC-42A3-9474-1A3956D46DE8}") = "Shared", "Shared", "{B7D15878-0DB6-4193-87E1-2D47D6EFAA25}"
	ProjectSection(SolutionItems) = preProject
		ServiceRegistrar.cs = ServiceRegistrar.cs
	EndProjectSection
EndProject
Project("{FAE04EC0-301F-11D3-BF4B-00C04F79EFBC}") = "Mymdb.iOS", "Mymdb.iOS\Mymdb.iOS.csproj", "{6DB8832C-BF3D-4414-A3B6-9EE19002BF82}"
EndProject
Project("{FAE04EC0-301F-11D3-BF4B-00C04F79EFBC}") = "Mymdb.WP", "Mymdb.WP\Mymdb.WP.csproj", "{42A995E3-3361-49CE-A4C9-47B20C3B43F5}"
EndProject
Project("{FAE04EC0-301F-11D3-BF4B-00C04F79EFBC}") = "Mymdb.Droid", "Mymdb.Droid\Mymdb.Droid.csproj", "{4CFB8DFC-BC2C-4CF0-8BEE-D7A94F8DAE88}"
EndProject
Project("{FAE04EC0-301F-11D3-BF4B-00C04F79EFBC}") = "Mymdb.WinRT", "Mymdb.WinRT\Mymdb.WinRT.csproj", "{C1234AC0-7203-420D-AFB3-0D8808C0B672}"
EndProject
Project("{FAE04EC0-301F-11D3-BF4B-00C04F79EFBC}") = "Mymdb.Core", "Mymdb.Core\Mymdb.Core.csproj", "{7E30FF21-43EB-4182-B895-6498D72EF9A0}"
EndProject
Project("{FAE04EC0-301F-11D3-BF4B-00C04F79EFBC}") = "Mymdb.Core.Test", "Mymdb.Core.Test\Mymdb.Core.Test.csproj", "{C9C9620C-642D-4514-B598-36EBEC93A064}"
EndProject
Global
	GlobalSection(SolutionConfigurationPlatforms) = preSolution
		Ad-Hoc|Any CPU = Ad-Hoc|Any CPU
		Ad-Hoc|ARM = Ad-Hoc|ARM
		Ad-Hoc|iPhone = Ad-Hoc|iPhone
		Ad-Hoc|iPhoneSimulator = Ad-Hoc|iPhoneSimulator
		Ad-Hoc|Mixed Platforms = Ad-Hoc|Mixed Platforms
		Ad-Hoc|x64 = Ad-Hoc|x64
		Ad-Hoc|x86 = Ad-Hoc|x86
		AppStore|Any CPU = AppStore|Any CPU
		AppStore|ARM = AppStore|ARM
		AppStore|iPhone = AppStore|iPhone
		AppStore|iPhoneSimulator = AppStore|iPhoneSimulator
		AppStore|Mixed Platforms = AppStore|Mixed Platforms
		AppStore|x64 = AppStore|x64
		AppStore|x86 = AppStore|x86
		Debug|Any CPU = Debug|Any CPU
		Debug|ARM = Debug|ARM
		Debug|iPhone = Debug|iPhone
		Debug|iPhoneSimulator = Debug|iPhoneSimulator
		Debug|Mixed Platforms = Debug|Mixed Platforms
		Debug|x64 = Debug|x64
		Debug|x86 = Debug|x86
		Release|Any CPU = Release|Any CPU
		Release|ARM = Release|ARM
		Release|iPhone = Release|iPhone
		Release|iPhoneSimulator = Release|iPhoneSimulator
		Release|Mixed Platforms = Release|Mixed Platforms
		Release|x64 = Release|x64
		Release|x86 = Release|x86
	EndGlobalSection
	GlobalSection(ProjectConfigurationPlatforms) = postSolution
		{6DB8832C-BF3D-4414-A3B6-9EE19002BF82}.Ad-Hoc|Any CPU.ActiveCfg = Ad-Hoc|iPhone
		{6DB8832C-BF3D-4414-A3B6-9EE19002BF82}.Ad-Hoc|ARM.ActiveCfg = Ad-Hoc|iPhone
		{6DB8832C-BF3D-4414-A3B6-9EE19002BF82}.Ad-Hoc|iPhone.ActiveCfg = Ad-Hoc|iPhone
		{6DB8832C-BF3D-4414-A3B6-9EE19002BF82}.Ad-Hoc|iPhone.Build.0 = Ad-Hoc|iPhone
		{6DB8832C-BF3D-4414-A3B6-9EE19002BF82}.Ad-Hoc|iPhone.Deploy.0 = Ad-Hoc|iPhone
		{6DB8832C-BF3D-4414-A3B6-9EE19002BF82}.Ad-Hoc|iPhoneSimulator.ActiveCfg = Ad-Hoc|iPhoneSimulator
		{6DB8832C-BF3D-4414-A3B6-9EE19002BF82}.Ad-Hoc|iPhoneSimulator.Build.0 = Ad-Hoc|iPhoneSimulator
		{6DB8832C-BF3D-4414-A3B6-9EE19002BF82}.Ad-Hoc|iPhoneSimulator.Deploy.0 = Ad-Hoc|iPhoneSimulator
		{6DB8832C-BF3D-4414-A3B6-9EE19002BF82}.Ad-Hoc|Mixed Platforms.ActiveCfg = Ad-Hoc|iPhone
		{6DB8832C-BF3D-4414-A3B6-9EE19002BF82}.Ad-Hoc|Mixed Platforms.Build.0 = Ad-Hoc|iPhone
		{6DB8832C-BF3D-4414-A3B6-9EE19002BF82}.Ad-Hoc|Mixed Platforms.Deploy.0 = Ad-Hoc|iPhone
		{6DB8832C-BF3D-4414-A3B6-9EE19002BF82}.Ad-Hoc|x64.ActiveCfg = Ad-Hoc|iPhone
		{6DB8832C-BF3D-4414-A3B6-9EE19002BF82}.Ad-Hoc|x86.ActiveCfg = Ad-Hoc|iPhone
		{6DB8832C-BF3D-4414-A3B6-9EE19002BF82}.AppStore|Any CPU.ActiveCfg = AppStore|iPhone
		{6DB8832C-BF3D-4414-A3B6-9EE19002BF82}.AppStore|ARM.ActiveCfg = AppStore|iPhone
		{6DB8832C-BF3D-4414-A3B6-9EE19002BF82}.AppStore|iPhone.ActiveCfg = AppStore|iPhone
		{6DB8832C-BF3D-4414-A3B6-9EE19002BF82}.AppStore|iPhone.Build.0 = AppStore|iPhone
		{6DB8832C-BF3D-4414-A3B6-9EE19002BF82}.AppStore|iPhone.Deploy.0 = AppStore|iPhone
		{6DB8832C-BF3D-4414-A3B6-9EE19002BF82}.AppStore|iPhoneSimulator.ActiveCfg = AppStore|iPhoneSimulator
		{6DB8832C-BF3D-4414-A3B6-9EE19002BF82}.AppStore|iPhoneSimulator.Build.0 = AppStore|iPhoneSimulator
		{6DB8832C-BF3D-4414-A3B6-9EE19002BF82}.AppStore|iPhoneSimulator.Deploy.0 = AppStore|iPhoneSimulator
		{6DB8832C-BF3D-4414-A3B6-9EE19002BF82}.AppStore|Mixed Platforms.ActiveCfg = AppStore|iPhone
		{6DB8832C-BF3D-4414-A3B6-9EE19002BF82}.AppStore|Mixed Platforms.Build.0 = AppStore|iPhone
		{6DB8832C-BF3D-4414-A3B6-9EE19002BF82}.AppStore|Mixed Platforms.Deploy.0 = AppStore|iPhone
		{6DB8832C-BF3D-4414-A3B6-9EE19002BF82}.AppStore|x64.ActiveCfg = AppStore|iPhone
		{6DB8832C-BF3D-4414-A3B6-9EE19002BF82}.AppStore|x86.ActiveCfg = AppStore|iPhone
		{6DB8832C-BF3D-4414-A3B6-9EE19002BF82}.Debug|Any CPU.ActiveCfg = Debug|iPhoneSimulator
		{6DB8832C-BF3D-4414-A3B6-9EE19002BF82}.Debug|Any CPU.Build.0 = Debug|iPhoneSimulator
		{6DB8832C-BF3D-4414-A3B6-9EE19002BF82}.Debug|ARM.ActiveCfg = Debug|iPhone
		{6DB8832C-BF3D-4414-A3B6-9EE19002BF82}.Debug|iPhone.ActiveCfg = Debug|iPhone
		{6DB8832C-BF3D-4414-A3B6-9EE19002BF82}.Debug|iPhone.Build.0 = Debug|iPhone
		{6DB8832C-BF3D-4414-A3B6-9EE19002BF82}.Debug|iPhone.Deploy.0 = Debug|iPhone
		{6DB8832C-BF3D-4414-A3B6-9EE19002BF82}.Debug|iPhoneSimulator.ActiveCfg = Debug|iPhoneSimulator
		{6DB8832C-BF3D-4414-A3B6-9EE19002BF82}.Debug|iPhoneSimulator.Build.0 = Debug|iPhoneSimulator
		{6DB8832C-BF3D-4414-A3B6-9EE19002BF82}.Debug|iPhoneSimulator.Deploy.0 = Debug|iPhoneSimulator
		{6DB8832C-BF3D-4414-A3B6-9EE19002BF82}.Debug|Mixed Platforms.ActiveCfg = Debug|iPhone
		{6DB8832C-BF3D-4414-A3B6-9EE19002BF82}.Debug|Mixed Platforms.Build.0 = Debug|iPhone
		{6DB8832C-BF3D-4414-A3B6-9EE19002BF82}.Debug|Mixed Platforms.Deploy.0 = Debug|iPhone
		{6DB8832C-BF3D-4414-A3B6-9EE19002BF82}.Debug|x64.ActiveCfg = Debug|iPhone
		{6DB8832C-BF3D-4414-A3B6-9EE19002BF82}.Debug|x86.ActiveCfg = Debug|iPhone
		{6DB8832C-BF3D-4414-A3B6-9EE19002BF82}.Release|Any CPU.ActiveCfg = Release|iPhone
		{6DB8832C-BF3D-4414-A3B6-9EE19002BF82}.Release|ARM.ActiveCfg = Release|iPhone
		{6DB8832C-BF3D-4414-A3B6-9EE19002BF82}.Release|iPhone.ActiveCfg = Release|iPhone
		{6DB8832C-BF3D-4414-A3B6-9EE19002BF82}.Release|iPhone.Build.0 = Release|iPhone
		{6DB8832C-BF3D-4414-A3B6-9EE19002BF82}.Release|iPhone.Deploy.0 = Release|iPhone
		{6DB8832C-BF3D-4414-A3B6-9EE19002BF82}.Release|iPhoneSimulator.ActiveCfg = Release|iPhoneSimulator
		{6DB8832C-BF3D-4414-A3B6-9EE19002BF82}.Release|iPhoneSimulator.Build.0 = Release|iPhoneSimulator
		{6DB8832C-BF3D-4414-A3B6-9EE19002BF82}.Release|iPhoneSimulator.Deploy.0 = Release|iPhoneSimulator
		{6DB8832C-BF3D-4414-A3B6-9EE19002BF82}.Release|Mixed Platforms.ActiveCfg = Release|iPhone
		{6DB8832C-BF3D-4414-A3B6-9EE19002BF82}.Release|Mixed Platforms.Build.0 = Release|iPhone
		{6DB8832C-BF3D-4414-A3B6-9EE19002BF82}.Release|Mixed Platforms.Deploy.0 = Release|iPhone
		{6DB8832C-BF3D-4414-A3B6-9EE19002BF82}.Release|x64.ActiveCfg = Release|iPhone
		{6DB8832C-BF3D-4414-A3B6-9EE19002BF82}.Release|x86.ActiveCfg = Release|iPhone
		{42A995E3-3361-49CE-A4C9-47B20C3B43F5}.Ad-Hoc|Any CPU.ActiveCfg = Release|Any CPU
		{42A995E3-3361-49CE-A4C9-47B20C3B43F5}.Ad-Hoc|Any CPU.Build.0 = Release|Any CPU
		{42A995E3-3361-49CE-A4C9-47B20C3B43F5}.Ad-Hoc|Any CPU.Deploy.0 = Release|Any CPU
		{42A995E3-3361-49CE-A4C9-47B20C3B43F5}.Ad-Hoc|ARM.ActiveCfg = Release|ARM
		{42A995E3-3361-49CE-A4C9-47B20C3B43F5}.Ad-Hoc|ARM.Build.0 = Release|ARM
		{42A995E3-3361-49CE-A4C9-47B20C3B43F5}.Ad-Hoc|ARM.Deploy.0 = Release|ARM
		{42A995E3-3361-49CE-A4C9-47B20C3B43F5}.Ad-Hoc|iPhone.ActiveCfg = Release|Any CPU
		{42A995E3-3361-49CE-A4C9-47B20C3B43F5}.Ad-Hoc|iPhoneSimulator.ActiveCfg = Release|Any CPU
		{42A995E3-3361-49CE-A4C9-47B20C3B43F5}.Ad-Hoc|Mixed Platforms.ActiveCfg = Release|x86
		{42A995E3-3361-49CE-A4C9-47B20C3B43F5}.Ad-Hoc|Mixed Platforms.Build.0 = Release|x86
		{42A995E3-3361-49CE-A4C9-47B20C3B43F5}.Ad-Hoc|Mixed Platforms.Deploy.0 = Release|x86
		{42A995E3-3361-49CE-A4C9-47B20C3B43F5}.Ad-Hoc|x64.ActiveCfg = Release|Any CPU
		{42A995E3-3361-49CE-A4C9-47B20C3B43F5}.Ad-Hoc|x86.ActiveCfg = Release|x86
		{42A995E3-3361-49CE-A4C9-47B20C3B43F5}.Ad-Hoc|x86.Build.0 = Release|x86
		{42A995E3-3361-49CE-A4C9-47B20C3B43F5}.Ad-Hoc|x86.Deploy.0 = Release|x86
		{42A995E3-3361-49CE-A4C9-47B20C3B43F5}.AppStore|Any CPU.ActiveCfg = Release|Any CPU
		{42A995E3-3361-49CE-A4C9-47B20C3B43F5}.AppStore|Any CPU.Build.0 = Release|Any CPU
		{42A995E3-3361-49CE-A4C9-47B20C3B43F5}.AppStore|Any CPU.Deploy.0 = Release|Any CPU
		{42A995E3-3361-49CE-A4C9-47B20C3B43F5}.AppStore|ARM.ActiveCfg = Release|ARM
		{42A995E3-3361-49CE-A4C9-47B20C3B43F5}.AppStore|ARM.Build.0 = Release|ARM
		{42A995E3-3361-49CE-A4C9-47B20C3B43F5}.AppStore|ARM.Deploy.0 = Release|ARM
		{42A995E3-3361-49CE-A4C9-47B20C3B43F5}.AppStore|iPhone.ActiveCfg = Release|Any CPU
		{42A995E3-3361-49CE-A4C9-47B20C3B43F5}.AppStore|iPhoneSimulator.ActiveCfg = Release|Any CPU
		{42A995E3-3361-49CE-A4C9-47B20C3B43F5}.AppStore|Mixed Platforms.ActiveCfg = Release|x86
		{42A995E3-3361-49CE-A4C9-47B20C3B43F5}.AppStore|Mixed Platforms.Build.0 = Release|x86
		{42A995E3-3361-49CE-A4C9-47B20C3B43F5}.AppStore|Mixed Platforms.Deploy.0 = Release|x86
		{42A995E3-3361-49CE-A4C9-47B20C3B43F5}.AppStore|x64.ActiveCfg = Release|Any CPU
		{42A995E3-3361-49CE-A4C9-47B20C3B43F5}.AppStore|x86.ActiveCfg = Release|x86
		{42A995E3-3361-49CE-A4C9-47B20C3B43F5}.AppStore|x86.Build.0 = Release|x86
		{42A995E3-3361-49CE-A4C9-47B20C3B43F5}.AppStore|x86.Deploy.0 = Release|x86
		{42A995E3-3361-49CE-A4C9-47B20C3B43F5}.Debug|Any CPU.ActiveCfg = Debug|Any CPU
		{42A995E3-3361-49CE-A4C9-47B20C3B43F5}.Debug|Any CPU.Build.0 = Debug|Any CPU
		{42A995E3-3361-49CE-A4C9-47B20C3B43F5}.Debug|Any CPU.Deploy.0 = Debug|Any CPU
		{42A995E3-3361-49CE-A4C9-47B20C3B43F5}.Debug|ARM.ActiveCfg = Debug|ARM
		{42A995E3-3361-49CE-A4C9-47B20C3B43F5}.Debug|ARM.Build.0 = Debug|ARM
		{42A995E3-3361-49CE-A4C9-47B20C3B43F5}.Debug|ARM.Deploy.0 = Debug|ARM
		{42A995E3-3361-49CE-A4C9-47B20C3B43F5}.Debug|iPhone.ActiveCfg = Debug|Any CPU
		{42A995E3-3361-49CE-A4C9-47B20C3B43F5}.Debug|iPhoneSimulator.ActiveCfg = Debug|Any CPU
		{42A995E3-3361-49CE-A4C9-47B20C3B43F5}.Debug|Mixed Platforms.ActiveCfg = Debug|x86
		{42A995E3-3361-49CE-A4C9-47B20C3B43F5}.Debug|Mixed Platforms.Build.0 = Debug|x86
		{42A995E3-3361-49CE-A4C9-47B20C3B43F5}.Debug|Mixed Platforms.Deploy.0 = Debug|x86
		{42A995E3-3361-49CE-A4C9-47B20C3B43F5}.Debug|x64.ActiveCfg = Debug|Any CPU
		{42A995E3-3361-49CE-A4C9-47B20C3B43F5}.Debug|x86.ActiveCfg = Debug|x86
		{42A995E3-3361-49CE-A4C9-47B20C3B43F5}.Debug|x86.Build.0 = Debug|x86
		{42A995E3-3361-49CE-A4C9-47B20C3B43F5}.Debug|x86.Deploy.0 = Debug|x86
		{42A995E3-3361-49CE-A4C9-47B20C3B43F5}.Release|Any CPU.ActiveCfg = Release|Any CPU
		{42A995E3-3361-49CE-A4C9-47B20C3B43F5}.Release|Any CPU.Build.0 = Release|Any CPU
		{42A995E3-3361-49CE-A4C9-47B20C3B43F5}.Release|Any CPU.Deploy.0 = Release|Any CPU
		{42A995E3-3361-49CE-A4C9-47B20C3B43F5}.Release|ARM.ActiveCfg = Release|ARM
		{42A995E3-3361-49CE-A4C9-47B20C3B43F5}.Release|ARM.Build.0 = Release|ARM
		{42A995E3-3361-49CE-A4C9-47B20C3B43F5}.Release|ARM.Deploy.0 = Release|ARM
		{42A995E3-3361-49CE-A4C9-47B20C3B43F5}.Release|iPhone.ActiveCfg = Release|Any CPU
		{42A995E3-3361-49CE-A4C9-47B20C3B43F5}.Release|iPhoneSimulator.ActiveCfg = Release|Any CPU
		{42A995E3-3361-49CE-A4C9-47B20C3B43F5}.Release|Mixed Platforms.ActiveCfg = Release|x86
		{42A995E3-3361-49CE-A4C9-47B20C3B43F5}.Release|Mixed Platforms.Build.0 = Release|x86
		{42A995E3-3361-49CE-A4C9-47B20C3B43F5}.Release|Mixed Platforms.Deploy.0 = Release|x86
		{42A995E3-3361-49CE-A4C9-47B20C3B43F5}.Release|x64.ActiveCfg = Release|Any CPU
		{42A995E3-3361-49CE-A4C9-47B20C3B43F5}.Release|x86.ActiveCfg = Release|x86
		{42A995E3-3361-49CE-A4C9-47B20C3B43F5}.Release|x86.Build.0 = Release|x86
		{42A995E3-3361-49CE-A4C9-47B20C3B43F5}.Release|x86.Deploy.0 = Release|x86
		{4CFB8DFC-BC2C-4CF0-8BEE-D7A94F8DAE88}.Ad-Hoc|Any CPU.ActiveCfg = Release|Any CPU
		{4CFB8DFC-BC2C-4CF0-8BEE-D7A94F8DAE88}.Ad-Hoc|Any CPU.Build.0 = Release|Any CPU
		{4CFB8DFC-BC2C-4CF0-8BEE-D7A94F8DAE88}.Ad-Hoc|Any CPU.Deploy.0 = Release|Any CPU
		{4CFB8DFC-BC2C-4CF0-8BEE-D7A94F8DAE88}.Ad-Hoc|ARM.ActiveCfg = Release|Any CPU
		{4CFB8DFC-BC2C-4CF0-8BEE-D7A94F8DAE88}.Ad-Hoc|iPhone.ActiveCfg = Release|Any CPU
		{4CFB8DFC-BC2C-4CF0-8BEE-D7A94F8DAE88}.Ad-Hoc|iPhoneSimulator.ActiveCfg = Release|Any CPU
		{4CFB8DFC-BC2C-4CF0-8BEE-D7A94F8DAE88}.Ad-Hoc|Mixed Platforms.ActiveCfg = Release|Any CPU
		{4CFB8DFC-BC2C-4CF0-8BEE-D7A94F8DAE88}.Ad-Hoc|Mixed Platforms.Build.0 = Release|Any CPU
		{4CFB8DFC-BC2C-4CF0-8BEE-D7A94F8DAE88}.Ad-Hoc|Mixed Platforms.Deploy.0 = Release|Any CPU
		{4CFB8DFC-BC2C-4CF0-8BEE-D7A94F8DAE88}.Ad-Hoc|x64.ActiveCfg = Release|Any CPU
		{4CFB8DFC-BC2C-4CF0-8BEE-D7A94F8DAE88}.Ad-Hoc|x86.ActiveCfg = Release|Any CPU
		{4CFB8DFC-BC2C-4CF0-8BEE-D7A94F8DAE88}.AppStore|Any CPU.ActiveCfg = Release|Any CPU
		{4CFB8DFC-BC2C-4CF0-8BEE-D7A94F8DAE88}.AppStore|Any CPU.Build.0 = Release|Any CPU
		{4CFB8DFC-BC2C-4CF0-8BEE-D7A94F8DAE88}.AppStore|Any CPU.Deploy.0 = Release|Any CPU
		{4CFB8DFC-BC2C-4CF0-8BEE-D7A94F8DAE88}.AppStore|ARM.ActiveCfg = Release|Any CPU
		{4CFB8DFC-BC2C-4CF0-8BEE-D7A94F8DAE88}.AppStore|iPhone.ActiveCfg = Release|Any CPU
		{4CFB8DFC-BC2C-4CF0-8BEE-D7A94F8DAE88}.AppStore|iPhoneSimulator.ActiveCfg = Release|Any CPU
		{4CFB8DFC-BC2C-4CF0-8BEE-D7A94F8DAE88}.AppStore|Mixed Platforms.ActiveCfg = Release|Any CPU
		{4CFB8DFC-BC2C-4CF0-8BEE-D7A94F8DAE88}.AppStore|Mixed Platforms.Build.0 = Release|Any CPU
		{4CFB8DFC-BC2C-4CF0-8BEE-D7A94F8DAE88}.AppStore|Mixed Platforms.Deploy.0 = Release|Any CPU
		{4CFB8DFC-BC2C-4CF0-8BEE-D7A94F8DAE88}.AppStore|x64.ActiveCfg = Release|Any CPU
		{4CFB8DFC-BC2C-4CF0-8BEE-D7A94F8DAE88}.AppStore|x86.ActiveCfg = Release|Any CPU
		{4CFB8DFC-BC2C-4CF0-8BEE-D7A94F8DAE88}.Debug|Any CPU.ActiveCfg = Debug|Any CPU
		{4CFB8DFC-BC2C-4CF0-8BEE-D7A94F8DAE88}.Debug|Any CPU.Build.0 = Debug|Any CPU
		{4CFB8DFC-BC2C-4CF0-8BEE-D7A94F8DAE88}.Debug|Any CPU.Deploy.0 = Debug|Any CPU
		{4CFB8DFC-BC2C-4CF0-8BEE-D7A94F8DAE88}.Debug|ARM.ActiveCfg = Debug|Any CPU
		{4CFB8DFC-BC2C-4CF0-8BEE-D7A94F8DAE88}.Debug|iPhone.ActiveCfg = Debug|Any CPU
		{4CFB8DFC-BC2C-4CF0-8BEE-D7A94F8DAE88}.Debug|iPhoneSimulator.ActiveCfg = Debug|Any CPU
		{4CFB8DFC-BC2C-4CF0-8BEE-D7A94F8DAE88}.Debug|Mixed Platforms.ActiveCfg = Debug|Any CPU
		{4CFB8DFC-BC2C-4CF0-8BEE-D7A94F8DAE88}.Debug|Mixed Platforms.Build.0 = Debug|Any CPU
		{4CFB8DFC-BC2C-4CF0-8BEE-D7A94F8DAE88}.Debug|Mixed Platforms.Deploy.0 = Debug|Any CPU
		{4CFB8DFC-BC2C-4CF0-8BEE-D7A94F8DAE88}.Debug|x64.ActiveCfg = Debug|Any CPU
		{4CFB8DFC-BC2C-4CF0-8BEE-D7A94F8DAE88}.Debug|x86.ActiveCfg = Debug|Any CPU
		{4CFB8DFC-BC2C-4CF0-8BEE-D7A94F8DAE88}.Release|Any CPU.ActiveCfg = Release|Any CPU
		{4CFB8DFC-BC2C-4CF0-8BEE-D7A94F8DAE88}.Release|Any CPU.Build.0 = Release|Any CPU
		{4CFB8DFC-BC2C-4CF0-8BEE-D7A94F8DAE88}.Release|Any CPU.Deploy.0 = Release|Any CPU
		{4CFB8DFC-BC2C-4CF0-8BEE-D7A94F8DAE88}.Release|ARM.ActiveCfg = Release|Any CPU
		{4CFB8DFC-BC2C-4CF0-8BEE-D7A94F8DAE88}.Release|iPhone.ActiveCfg = Release|Any CPU
		{4CFB8DFC-BC2C-4CF0-8BEE-D7A94F8DAE88}.Release|iPhoneSimulator.ActiveCfg = Release|Any CPU
		{4CFB8DFC-BC2C-4CF0-8BEE-D7A94F8DAE88}.Release|Mixed Platforms.ActiveCfg = Release|Any CPU
		{4CFB8DFC-BC2C-4CF0-8BEE-D7A94F8DAE88}.Release|Mixed Platforms.Build.0 = Release|Any CPU
		{4CFB8DFC-BC2C-4CF0-8BEE-D7A94F8DAE88}.Release|Mixed Platforms.Deploy.0 = Release|Any CPU
		{4CFB8DFC-BC2C-4CF0-8BEE-D7A94F8DAE88}.Release|x64.ActiveCfg = Release|Any CPU
		{4CFB8DFC-BC2C-4CF0-8BEE-D7A94F8DAE88}.Release|x86.ActiveCfg = Release|Any CPU
		{C1234AC0-7203-420D-AFB3-0D8808C0B672}.Ad-Hoc|Any CPU.ActiveCfg = Release|Any CPU
		{C1234AC0-7203-420D-AFB3-0D8808C0B672}.Ad-Hoc|Any CPU.Build.0 = Release|Any CPU
		{C1234AC0-7203-420D-AFB3-0D8808C0B672}.Ad-Hoc|Any CPU.Deploy.0 = Release|Any CPU
		{C1234AC0-7203-420D-AFB3-0D8808C0B672}.Ad-Hoc|ARM.ActiveCfg = Release|ARM
		{C1234AC0-7203-420D-AFB3-0D8808C0B672}.Ad-Hoc|ARM.Build.0 = Release|ARM
		{C1234AC0-7203-420D-AFB3-0D8808C0B672}.Ad-Hoc|ARM.Deploy.0 = Release|ARM
		{C1234AC0-7203-420D-AFB3-0D8808C0B672}.Ad-Hoc|iPhone.ActiveCfg = Release|Any CPU
		{C1234AC0-7203-420D-AFB3-0D8808C0B672}.Ad-Hoc|iPhoneSimulator.ActiveCfg = Release|Any CPU
		{C1234AC0-7203-420D-AFB3-0D8808C0B672}.Ad-Hoc|Mixed Platforms.ActiveCfg = Release|x86
		{C1234AC0-7203-420D-AFB3-0D8808C0B672}.Ad-Hoc|Mixed Platforms.Build.0 = Release|x86
		{C1234AC0-7203-420D-AFB3-0D8808C0B672}.Ad-Hoc|Mixed Platforms.Deploy.0 = Release|x86
		{C1234AC0-7203-420D-AFB3-0D8808C0B672}.Ad-Hoc|x64.ActiveCfg = Release|x64
		{C1234AC0-7203-420D-AFB3-0D8808C0B672}.Ad-Hoc|x64.Build.0 = Release|x64
		{C1234AC0-7203-420D-AFB3-0D8808C0B672}.Ad-Hoc|x64.Deploy.0 = Release|x64
		{C1234AC0-7203-420D-AFB3-0D8808C0B672}.Ad-Hoc|x86.ActiveCfg = Release|x86
		{C1234AC0-7203-420D-AFB3-0D8808C0B672}.Ad-Hoc|x86.Build.0 = Release|x86
		{C1234AC0-7203-420D-AFB3-0D8808C0B672}.Ad-Hoc|x86.Deploy.0 = Release|x86
		{C1234AC0-7203-420D-AFB3-0D8808C0B672}.AppStore|Any CPU.ActiveCfg = Release|Any CPU
		{C1234AC0-7203-420D-AFB3-0D8808C0B672}.AppStore|Any CPU.Build.0 = Release|Any CPU
		{C1234AC0-7203-420D-AFB3-0D8808C0B672}.AppStore|Any CPU.Deploy.0 = Release|Any CPU
		{C1234AC0-7203-420D-AFB3-0D8808C0B672}.AppStore|ARM.ActiveCfg = Release|ARM
		{C1234AC0-7203-420D-AFB3-0D8808C0B672}.AppStore|ARM.Build.0 = Release|ARM
		{C1234AC0-7203-420D-AFB3-0D8808C0B672}.AppStore|ARM.Deploy.0 = Release|ARM
		{C1234AC0-7203-420D-AFB3-0D8808C0B672}.AppStore|iPhone.ActiveCfg = Release|Any CPU
		{C1234AC0-7203-420D-AFB3-0D8808C0B672}.AppStore|iPhoneSimulator.ActiveCfg = Release|Any CPU
		{C1234AC0-7203-420D-AFB3-0D8808C0B672}.AppStore|Mixed Platforms.ActiveCfg = Release|x86
		{C1234AC0-7203-420D-AFB3-0D8808C0B672}.AppStore|Mixed Platforms.Build.0 = Release|x86
		{C1234AC0-7203-420D-AFB3-0D8808C0B672}.AppStore|Mixed Platforms.Deploy.0 = Release|x86
		{C1234AC0-7203-420D-AFB3-0D8808C0B672}.AppStore|x64.ActiveCfg = Release|x64
		{C1234AC0-7203-420D-AFB3-0D8808C0B672}.AppStore|x64.Build.0 = Release|x64
		{C1234AC0-7203-420D-AFB3-0D8808C0B672}.AppStore|x64.Deploy.0 = Release|x64
		{C1234AC0-7203-420D-AFB3-0D8808C0B672}.AppStore|x86.ActiveCfg = Release|x86
		{C1234AC0-7203-420D-AFB3-0D8808C0B672}.AppStore|x86.Build.0 = Release|x86
		{C1234AC0-7203-420D-AFB3-0D8808C0B672}.AppStore|x86.Deploy.0 = Release|x86
		{C1234AC0-7203-420D-AFB3-0D8808C0B672}.Debug|Any CPU.ActiveCfg = Debug|Any CPU
		{C1234AC0-7203-420D-AFB3-0D8808C0B672}.Debug|Any CPU.Build.0 = Debug|Any CPU
		{C1234AC0-7203-420D-AFB3-0D8808C0B672}.Debug|Any CPU.Deploy.0 = Debug|Any CPU
		{C1234AC0-7203-420D-AFB3-0D8808C0B672}.Debug|ARM.ActiveCfg = Debug|ARM
		{C1234AC0-7203-420D-AFB3-0D8808C0B672}.Debug|ARM.Build.0 = Debug|ARM
		{C1234AC0-7203-420D-AFB3-0D8808C0B672}.Debug|ARM.Deploy.0 = Debug|ARM
		{C1234AC0-7203-420D-AFB3-0D8808C0B672}.Debug|iPhone.ActiveCfg = Debug|Any CPU
		{C1234AC0-7203-420D-AFB3-0D8808C0B672}.Debug|iPhoneSimulator.ActiveCfg = Debug|Any CPU
		{C1234AC0-7203-420D-AFB3-0D8808C0B672}.Debug|Mixed Platforms.ActiveCfg = Debug|x86
		{C1234AC0-7203-420D-AFB3-0D8808C0B672}.Debug|Mixed Platforms.Build.0 = Debug|x86
		{C1234AC0-7203-420D-AFB3-0D8808C0B672}.Debug|Mixed Platforms.Deploy.0 = Debug|x86
		{C1234AC0-7203-420D-AFB3-0D8808C0B672}.Debug|x64.ActiveCfg = Debug|x64
		{C1234AC0-7203-420D-AFB3-0D8808C0B672}.Debug|x64.Build.0 = Debug|x64
		{C1234AC0-7203-420D-AFB3-0D8808C0B672}.Debug|x64.Deploy.0 = Debug|x64
		{C1234AC0-7203-420D-AFB3-0D8808C0B672}.Debug|x86.ActiveCfg = Debug|x86
		{C1234AC0-7203-420D-AFB3-0D8808C0B672}.Debug|x86.Build.0 = Debug|x86
		{C1234AC0-7203-420D-AFB3-0D8808C0B672}.Debug|x86.Deploy.0 = Debug|x86
		{C1234AC0-7203-420D-AFB3-0D8808C0B672}.Release|Any CPU.ActiveCfg = Release|Any CPU
		{C1234AC0-7203-420D-AFB3-0D8808C0B672}.Release|Any CPU.Build.0 = Release|Any CPU
		{C1234AC0-7203-420D-AFB3-0D8808C0B672}.Release|Any CPU.Deploy.0 = Release|Any CPU
		{C1234AC0-7203-420D-AFB3-0D8808C0B672}.Release|ARM.ActiveCfg = Release|ARM
		{C1234AC0-7203-420D-AFB3-0D8808C0B672}.Release|ARM.Build.0 = Release|ARM
		{C1234AC0-7203-420D-AFB3-0D8808C0B672}.Release|ARM.Deploy.0 = Release|ARM
		{C1234AC0-7203-420D-AFB3-0D8808C0B672}.Release|iPhone.ActiveCfg = Release|Any CPU
		{C1234AC0-7203-420D-AFB3-0D8808C0B672}.Release|iPhoneSimulator.ActiveCfg = Release|Any CPU
		{C1234AC0-7203-420D-AFB3-0D8808C0B672}.Release|Mixed Platforms.ActiveCfg = Release|x86
		{C1234AC0-7203-420D-AFB3-0D8808C0B672}.Release|Mixed Platforms.Build.0 = Release|x86
		{C1234AC0-7203-420D-AFB3-0D8808C0B672}.Release|Mixed Platforms.Deploy.0 = Release|x86
		{C1234AC0-7203-420D-AFB3-0D8808C0B672}.Release|x64.ActiveCfg = Release|x64
		{C1234AC0-7203-420D-AFB3-0D8808C0B672}.Release|x64.Build.0 = Release|x64
		{C1234AC0-7203-420D-AFB3-0D8808C0B672}.Release|x64.Deploy.0 = Release|x64
		{C1234AC0-7203-420D-AFB3-0D8808C0B672}.Release|x86.ActiveCfg = Release|x86
		{C1234AC0-7203-420D-AFB3-0D8808C0B672}.Release|x86.Build.0 = Release|x86
		{C1234AC0-7203-420D-AFB3-0D8808C0B672}.Release|x86.Deploy.0 = Release|x86
		{7E30FF21-43EB-4182-B895-6498D72EF9A0}.Ad-Hoc|Any CPU.ActiveCfg = Release|Any CPU
		{7E30FF21-43EB-4182-B895-6498D72EF9A0}.Ad-Hoc|Any CPU.Build.0 = Release|Any CPU
		{7E30FF21-43EB-4182-B895-6498D72EF9A0}.Ad-Hoc|ARM.ActiveCfg = Release|Any CPU
		{7E30FF21-43EB-4182-B895-6498D72EF9A0}.Ad-Hoc|iPhone.ActiveCfg = Release|Any CPU
		{7E30FF21-43EB-4182-B895-6498D72EF9A0}.Ad-Hoc|iPhoneSimulator.ActiveCfg = Release|Any CPU
		{7E30FF21-43EB-4182-B895-6498D72EF9A0}.Ad-Hoc|Mixed Platforms.ActiveCfg = Release|Any CPU
		{7E30FF21-43EB-4182-B895-6498D72EF9A0}.Ad-Hoc|Mixed Platforms.Build.0 = Release|Any CPU
		{7E30FF21-43EB-4182-B895-6498D72EF9A0}.Ad-Hoc|x64.ActiveCfg = Release|Any CPU
		{7E30FF21-43EB-4182-B895-6498D72EF9A0}.Ad-Hoc|x86.ActiveCfg = Release|Any CPU
		{7E30FF21-43EB-4182-B895-6498D72EF9A0}.AppStore|Any CPU.ActiveCfg = Release|Any CPU
		{7E30FF21-43EB-4182-B895-6498D72EF9A0}.AppStore|Any CPU.Build.0 = Release|Any CPU
		{7E30FF21-43EB-4182-B895-6498D72EF9A0}.AppStore|ARM.ActiveCfg = Release|Any CPU
		{7E30FF21-43EB-4182-B895-6498D72EF9A0}.AppStore|iPhone.ActiveCfg = Release|Any CPU
		{7E30FF21-43EB-4182-B895-6498D72EF9A0}.AppStore|iPhoneSimulator.ActiveCfg = Release|Any CPU
		{7E30FF21-43EB-4182-B895-6498D72EF9A0}.AppStore|Mixed Platforms.ActiveCfg = Release|Any CPU
		{7E30FF21-43EB-4182-B895-6498D72EF9A0}.AppStore|Mixed Platforms.Build.0 = Release|Any CPU
		{7E30FF21-43EB-4182-B895-6498D72EF9A0}.AppStore|x64.ActiveCfg = Release|Any CPU
		{7E30FF21-43EB-4182-B895-6498D72EF9A0}.AppStore|x86.ActiveCfg = Release|Any CPU
		{7E30FF21-43EB-4182-B895-6498D72EF9A0}.Debug|Any CPU.ActiveCfg = Debug|Any CPU
		{7E30FF21-43EB-4182-B895-6498D72EF9A0}.Debug|Any CPU.Build.0 = Debug|Any CPU
		{7E30FF21-43EB-4182-B895-6498D72EF9A0}.Debug|ARM.ActiveCfg = Debug|Any CPU
		{7E30FF21-43EB-4182-B895-6498D72EF9A0}.Debug|ARM.Build.0 = Debug|Any CPU
		{7E30FF21-43EB-4182-B895-6498D72EF9A0}.Debug|iPhone.ActiveCfg = Debug|Any CPU
		{7E30FF21-43EB-4182-B895-6498D72EF9A0}.Debug|iPhoneSimulator.ActiveCfg = Debug|Any CPU
		{7E30FF21-43EB-4182-B895-6498D72EF9A0}.Debug|iPhoneSimulator.Build.0 = Debug|Any CPU
		{7E30FF21-43EB-4182-B895-6498D72EF9A0}.Debug|Mixed Platforms.ActiveCfg = Debug|Any CPU
		{7E30FF21-43EB-4182-B895-6498D72EF9A0}.Debug|Mixed Platforms.Build.0 = Debug|Any CPU
		{7E30FF21-43EB-4182-B895-6498D72EF9A0}.Debug|x64.ActiveCfg = Debug|Any CPU
		{7E30FF21-43EB-4182-B895-6498D72EF9A0}.Debug|x86.ActiveCfg = Debug|Any CPU
		{7E30FF21-43EB-4182-B895-6498D72EF9A0}.Debug|x86.Build.0 = Debug|Any CPU
		{7E30FF21-43EB-4182-B895-6498D72EF9A0}.Release|Any CPU.ActiveCfg = Release|Any CPU
		{7E30FF21-43EB-4182-B895-6498D72EF9A0}.Release|Any CPU.Build.0 = Release|Any CPU
		{7E30FF21-43EB-4182-B895-6498D72EF9A0}.Release|ARM.ActiveCfg = Release|Any CPU
		{7E30FF21-43EB-4182-B895-6498D72EF9A0}.Release|iPhone.ActiveCfg = Release|Any CPU
		{7E30FF21-43EB-4182-B895-6498D72EF9A0}.Release|iPhoneSimulator.ActiveCfg = Release|Any CPU
		{7E30FF21-43EB-4182-B895-6498D72EF9A0}.Release|Mixed Platforms.ActiveCfg = Release|Any CPU
		{7E30FF21-43EB-4182-B895-6498D72EF9A0}.Release|Mixed Platforms.Build.0 = Release|Any CPU
		{7E30FF21-43EB-4182-B895-6498D72EF9A0}.Release|x64.ActiveCfg = Release|Any CPU
		{7E30FF21-43EB-4182-B895-6498D72EF9A0}.Release|x86.ActiveCfg = Release|Any CPU
		{C9C9620C-642D-4514-B598-36EBEC93A064}.Ad-Hoc|Any CPU.ActiveCfg = Release|Any CPU
		{C9C9620C-642D-4514-B598-36EBEC93A064}.Ad-Hoc|Any CPU.Build.0 = Release|Any CPU
		{C9C9620C-642D-4514-B598-36EBEC93A064}.Ad-Hoc|ARM.ActiveCfg = Release|Any CPU
		{C9C9620C-642D-4514-B598-36EBEC93A064}.Ad-Hoc|iPhone.ActiveCfg = Release|Any CPU
		{C9C9620C-642D-4514-B598-36EBEC93A064}.Ad-Hoc|iPhoneSimulator.ActiveCfg = Release|Any CPU
		{C9C9620C-642D-4514-B598-36EBEC93A064}.Ad-Hoc|Mixed Platforms.ActiveCfg = Release|Any CPU
		{C9C9620C-642D-4514-B598-36EBEC93A064}.Ad-Hoc|Mixed Platforms.Build.0 = Release|Any CPU
		{C9C9620C-642D-4514-B598-36EBEC93A064}.Ad-Hoc|x64.ActiveCfg = Release|Any CPU
		{C9C9620C-642D-4514-B598-36EBEC93A064}.Ad-Hoc|x86.ActiveCfg = Release|Any CPU
		{C9C9620C-642D-4514-B598-36EBEC93A064}.AppStore|Any CPU.ActiveCfg = Release|Any CPU
		{C9C9620C-642D-4514-B598-36EBEC93A064}.AppStore|Any CPU.Build.0 = Release|Any CPU
		{C9C9620C-642D-4514-B598-36EBEC93A064}.AppStore|ARM.ActiveCfg = Release|Any CPU
		{C9C9620C-642D-4514-B598-36EBEC93A064}.AppStore|iPhone.ActiveCfg = Release|Any CPU
		{C9C9620C-642D-4514-B598-36EBEC93A064}.AppStore|iPhoneSimulator.ActiveCfg = Release|Any CPU
		{C9C9620C-642D-4514-B598-36EBEC93A064}.AppStore|Mixed Platforms.ActiveCfg = Release|Any CPU
		{C9C9620C-642D-4514-B598-36EBEC93A064}.AppStore|Mixed Platforms.Build.0 = Release|Any CPU
		{C9C9620C-642D-4514-B598-36EBEC93A064}.AppStore|x64.ActiveCfg = Release|Any CPU
		{C9C9620C-642D-4514-B598-36EBEC93A064}.AppStore|x86.ActiveCfg = Release|Any CPU
		{C9C9620C-642D-4514-B598-36EBEC93A064}.Debug|Any CPU.ActiveCfg = Debug|Any CPU
		{C9C9620C-642D-4514-B598-36EBEC93A064}.Debug|Any CPU.Build.0 = Debug|Any CPU
		{C9C9620C-642D-4514-B598-36EBEC93A064}.Debug|ARM.ActiveCfg = Debug|Any CPU
		{C9C9620C-642D-4514-B598-36EBEC93A064}.Debug|iPhone.ActiveCfg = Debug|Any CPU
		{C9C9620C-642D-4514-B598-36EBEC93A064}.Debug|iPhoneSimulator.ActiveCfg = Debug|Any CPU
		{C9C9620C-642D-4514-B598-36EBEC93A064}.Debug|Mixed Platforms.ActiveCfg = Debug|Any CPU
		{C9C9620C-642D-4514-B598-36EBEC93A064}.Debug|Mixed Platforms.Build.0 = Debug|Any CPU
		{C9C9620C-642D-4514-B598-36EBEC93A064}.Debug|x64.ActiveCfg = Debug|Any CPU
		{C9C9620C-642D-4514-B598-36EBEC93A064}.Debug|x86.ActiveCfg = Debug|Any CPU
		{C9C9620C-642D-4514-B598-36EBEC93A064}.Release|Any CPU.ActiveCfg = Release|Any CPU
		{C9C9620C-642D-4514-B598-36EBEC93A064}.Release|Any CPU.Build.0 = Release|Any CPU
		{C9C9620C-642D-4514-B598-36EBEC93A064}.Release|ARM.ActiveCfg = Release|Any CPU
		{C9C9620C-642D-4514-B598-36EBEC93A064}.Release|iPhone.ActiveCfg = Release|Any CPU
		{C9C9620C-642D-4514-B598-36EBEC93A064}.Release|iPhoneSimulator.ActiveCfg = Release|Any CPU
		{C9C9620C-642D-4514-B598-36EBEC93A064}.Release|Mixed Platforms.ActiveCfg = Release|Any CPU
		{C9C9620C-642D-4514-B598-36EBEC93A064}.Release|Mixed Platforms.Build.0 = Release|Any CPU
		{C9C9620C-642D-4514-B598-36EBEC93A064}.Release|x64.ActiveCfg = Release|Any CPU
		{C9C9620C-642D-4514-B598-36EBEC93A064}.Release|x86.ActiveCfg = Release|Any CPU
	EndGlobalSection
	GlobalSection(SolutionProperties) = preSolution
		HideSolutionNode = FALSE
	EndGlobalSection
EndGlobal
